
Microsoft Visual Studio Solution File, Format Version 12.00
# Visual Studio 2012
Project("{FAE04EC0-301F-11D3-BF4B-00C04F79EFBC}") = "Psd.Net", "src\Psd.Net\Psd.Net.csproj", "{0B49A990-4740-4AC9-AA66-FAD3DE7232FE}"
EndProject
Global
	GlobalSection(SolutionConfigurationPlatforms) = preSolution
		Debug|Any CPU = Debug|Any CPU
		Release|Any CPU = Release|Any CPU
	EndGlobalSection
	GlobalSection(ProjectConfigurationPlatforms) = postSolution
		{0B49A990-4740-4AC9-AA66-FAD3DE7232FE}.Debug|Any CPU.ActiveCfg = Debug|Any CPU
		{0B49A990-4740-4AC9-AA66-FAD3DE7232FE}.Debug|Any CPU.Build.0 = Debug|Any CPU
		{0B49A990-4740-4AC9-AA66-FAD3DE7232FE}.Release|Any CPU.ActiveCfg = Release|Any CPU
		{0B49A990-4740-4AC9-AA66-FAD3DE7232FE}.Release|Any CPU.Build.0 = Release|Any CPU
	EndGlobalSection
	GlobalSection(SolutionProperties) = preSolution
		HideSolutionNode = FALSE
	EndGlobalSection
EndGlobal
